
Microsoft Visual Studio Solution File, Format Version 12.00
# Visual Studio Version 17
VisualStudioVersion = 17.13.35825.156 d17.13
MinimumVisualStudioVersion = 10.0.40219.1
Project("{FAE04EC0-301F-11D3-BF4B-00C04F79EFBC}") = "LMT_KT2_Lab", "LMT_KT2_Lab.csproj", "{7526FB95-BD23-4EDF-8B19-2B840E11FFB5}"
EndProject
Global
	GlobalSection(SolutionConfigurationPlatforms) = preSolution
		Debug|Any CPU = Debug|Any CPU
		Release|Any CPU = Release|Any CPU
	EndGlobalSection
	GlobalSection(ProjectConfigurationPlatforms) = postSolution
		{7526FB95-BD23-4EDF-8B19-2B840E11FFB5}.Debug|Any CPU.ActiveCfg = Debug|Any CPU
		{7526FB95-BD23-4EDF-8B19-2B840E11FFB5}.Debug|Any CPU.Build.0 = Debug|Any CPU
		{7526FB95-BD23-4EDF-8B19-2B840E11FFB5}.Release|Any CPU.ActiveCfg = Release|Any CPU
		{7526FB95-BD23-4EDF-8B19-2B840E11FFB5}.Release|Any CPU.Build.0 = Release|Any CPU
	EndGlobalSection
	GlobalSection(SolutionProperties) = preSolution
		HideSolutionNode = FALSE
	EndGlobalSection
	GlobalSection(ExtensibilityGlobals) = postSolution
		SolutionGuid = {59354985-14A6-494F-A0A4-D4107D08F885}
	EndGlobalSection
EndGlobal
